
Microsoft Visual Studio Solution File, Format Version 12.00
# Visual Studio Version 17
VisualStudioVersion = 17.5.33516.290
MinimumVisualStudioVersion = 10.0.40219.1
Project("{9A19103F-16F7-4668-BE54-9A1E7A4F7556}") = "CoreDemo", "CoreDemo\CoreDemo.csproj", "{2D443746-360A-4C78-A89A-FC40C7883946}"
EndProject
Project("{FAE04EC0-301F-11D3-BF4B-00C04F79EFBC}") = "EntityLayer", "EntityLayer\EntityLayer.csproj", "{736C087E-AF48-4622-8616-9D2326D89301}"
EndProject
Project("{FAE04EC0-301F-11D3-BF4B-00C04F79EFBC}") = "DataAccessLayer", "DataAccessLayer\DataAccessLayer.csproj", "{552B337C-0C1A-425F-80B4-ECEC4800FB47}"
EndProject
Project("{FAE04EC0-301F-11D3-BF4B-00C04F79EFBC}") = "BussinessLayer", "BussinessLayer\BussinessLayer.csproj", "{2E1A8620-2B10-4D8E-8745-58AD02EB259C}"
EndProject
Project("{FAE04EC0-301F-11D3-BF4B-00C04F79EFBC}") = "CoreLayer", "CoreLayer\CoreLayer.csproj", "{C8E86ABC-49E5-49E7-A6D2-B29ED687CD30}"
EndProject
Global
	GlobalSection(SolutionConfigurationPlatforms) = preSolution
		Debug|Any CPU = Debug|Any CPU
		Release|Any CPU = Release|Any CPU
	EndGlobalSection
	GlobalSection(ProjectConfigurationPlatforms) = postSolution
		{2D443746-360A-4C78-A89A-FC40C7883946}.Debug|Any CPU.ActiveCfg = Debug|Any CPU
		{2D443746-360A-4C78-A89A-FC40C7883946}.Debug|Any CPU.Build.0 = Debug|Any CPU
		{2D443746-360A-4C78-A89A-FC40C7883946}.Release|Any CPU.ActiveCfg = Release|Any CPU
		{2D443746-360A-4C78-A89A-FC40C7883946}.Release|Any CPU.Build.0 = Release|Any CPU
		{736C087E-AF48-4622-8616-9D2326D89301}.Debug|Any CPU.ActiveCfg = Debug|Any CPU
		{736C087E-AF48-4622-8616-9D2326D89301}.Debug|Any CPU.Build.0 = Debug|Any CPU
		{736C087E-AF48-4622-8616-9D2326D89301}.Release|Any CPU.ActiveCfg = Release|Any CPU
		{736C087E-AF48-4622-8616-9D2326D89301}.Release|Any CPU.Build.0 = Release|Any CPU
		{552B337C-0C1A-425F-80B4-ECEC4800FB47}.Debug|Any CPU.ActiveCfg = Debug|Any CPU
		{552B337C-0C1A-425F-80B4-ECEC4800FB47}.Debug|Any CPU.Build.0 = Debug|Any CPU
		{552B337C-0C1A-425F-80B4-ECEC4800FB47}.Release|Any CPU.ActiveCfg = Release|Any CPU
		{552B337C-0C1A-425F-80B4-ECEC4800FB47}.Release|Any CPU.Build.0 = Release|Any CPU
		{2E1A8620-2B10-4D8E-8745-58AD02EB259C}.Debug|Any CPU.ActiveCfg = Debug|Any CPU
		{2E1A8620-2B10-4D8E-8745-58AD02EB259C}.Debug|Any CPU.Build.0 = Debug|Any CPU
		{2E1A8620-2B10-4D8E-8745-58AD02EB259C}.Release|Any CPU.ActiveCfg = Release|Any CPU
		{2E1A8620-2B10-4D8E-8745-58AD02EB259C}.Release|Any CPU.Build.0 = Release|Any CPU
		{C8E86ABC-49E5-49E7-A6D2-B29ED687CD30}.Debug|Any CPU.ActiveCfg = Debug|Any CPU
		{C8E86ABC-49E5-49E7-A6D2-B29ED687CD30}.Debug|Any CPU.Build.0 = Debug|Any CPU
		{C8E86ABC-49E5-49E7-A6D2-B29ED687CD30}.Release|Any CPU.ActiveCfg = Release|Any CPU
		{C8E86ABC-49E5-49E7-A6D2-B29ED687CD30}.Release|Any CPU.Build.0 = Release|Any CPU
	EndGlobalSection
	GlobalSection(SolutionProperties) = preSolution
		HideSolutionNode = FALSE
	EndGlobalSection
	GlobalSection(ExtensibilityGlobals) = postSolution
		SolutionGuid = {9D381902-7716-471A-A394-EA240A77A6BE}
	EndGlobalSection
EndGlobal
